// !$*UTF8*$!
{
	archiveVersion = 1;
	classes = {
	};
	objectVersion = 50;
	objects = {

/* Begin PBXBuildFile section */
		3654BF2E25EE7BC7008CACE1 /* WeatherTabBarController.swift in Sources */ = {isa = PBXBuildFile; fileRef = 3654BF2D25EE7BC7008CACE1 /* WeatherTabBarController.swift */; };
		3657E6C025ED823D00D66740 /* ForecastWheatherPresenter.swift in Sources */ = {isa = PBXBuildFile; fileRef = 3657E6BF25ED823D00D66740 /* ForecastWheatherPresenter.swift */; };
		3685E1B825EAE70500BEE237 /* Router.swift in Sources */ = {isa = PBXBuildFile; fileRef = 3685E1B725EAE70500BEE237 /* Router.swift */; };
		3685E1BB25EAF1D500BEE237 /* ForecastWeatherData.swift in Sources */ = {isa = PBXBuildFile; fileRef = 3685E1BA25EAF1D500BEE237 /* ForecastWeatherData.swift */; };
		3685E1C425ED024D00BEE237 /* LocationService.swift in Sources */ = {isa = PBXBuildFile; fileRef = 3685E1C325ED024D00BEE237 /* LocationService.swift */; };
		3685E1C825ED041A00BEE237 /* Location.swift in Sources */ = {isa = PBXBuildFile; fileRef = 3685E1C725ED041A00BEE237 /* Location.swift */; };
		3685E1D125ED301500BEE237 /* ForecastWeatherViewController.swift in Sources */ = {isa = PBXBuildFile; fileRef = 3685E1D025ED301500BEE237 /* ForecastWeatherViewController.swift */; };
		36B5D9DE25E92B6B00DED151 /* AppDelegate.swift in Sources */ = {isa = PBXBuildFile; fileRef = 36B5D9DD25E92B6B00DED151 /* AppDelegate.swift */; };
		36B5D9E025E92B6B00DED151 /* SceneDelegate.swift in Sources */ = {isa = PBXBuildFile; fileRef = 36B5D9DF25E92B6B00DED151 /* SceneDelegate.swift */; };
		36B5D9E725E92B7000DED151 /* Assets.xcassets in Resources */ = {isa = PBXBuildFile; fileRef = 36B5D9E625E92B7000DED151 /* Assets.xcassets */; };
		36B5D9EA25E92B7000DED151 /* LaunchScreen.storyboard in Resources */ = {isa = PBXBuildFile; fileRef = 36B5D9E825E92B7000DED151 /* LaunchScreen.storyboard */; };
		36B5DA0125EA5C7700DED151 /* WeatherPresenter.swift in Sources */ = {isa = PBXBuildFile; fileRef = 36B5DA0025EA5C7700DED151 /* WeatherPresenter.swift */; };
		36B5DA0425EA5EE300DED151 /* CurrentWeatherViewController.swift in Sources */ = {isa = PBXBuildFile; fileRef = 36B5DA0325EA5EE300DED151 /* CurrentWeatherViewController.swift */; };
		36B5DA0A25EA626600DED151 /* ModuleBuilder.swift in Sources */ = {isa = PBXBuildFile; fileRef = 36B5DA0925EA626600DED151 /* ModuleBuilder.swift */; };
		36B5DA1425EA8A1800DED151 /* CurrentWeatherData.swift in Sources */ = {isa = PBXBuildFile; fileRef = 36B5DA1325EA8A1800DED151 /* CurrentWeatherData.swift */; };
		36B5DA1925EA8B2600DED151 /* NetworkService.swift in Sources */ = {isa = PBXBuildFile; fileRef = 36B5DA1825EA8B2600DED151 /* NetworkService.swift */; };
		36B5DA1D25EA8B6200DED151 /* ErrorMessage.swift in Sources */ = {isa = PBXBuildFile; fileRef = 36B5DA1C25EA8B6200DED151 /* ErrorMessage.swift */; };
/* End PBXBuildFile section */

/* Begin PBXFileReference section */
		3654BF2D25EE7BC7008CACE1 /* WeatherTabBarController.swift */ = {isa = PBXFileReference; lastKnownFileType = sourcecode.swift; path = WeatherTabBarController.swift; sourceTree = "<group>"; };
		3657E6BF25ED823D00D66740 /* ForecastWheatherPresenter.swift */ = {isa = PBXFileReference; lastKnownFileType = sourcecode.swift; path = ForecastWheatherPresenter.swift; sourceTree = "<group>"; };
		3685E1B725EAE70500BEE237 /* Router.swift */ = {isa = PBXFileReference; lastKnownFileType = sourcecode.swift; path = Router.swift; sourceTree = "<group>"; };
		3685E1BA25EAF1D500BEE237 /* ForecastWeatherData.swift */ = {isa = PBXFileReference; lastKnownFileType = sourcecode.swift; path = ForecastWeatherData.swift; sourceTree = "<group>"; };
		3685E1C325ED024D00BEE237 /* LocationService.swift */ = {isa = PBXFileReference; lastKnownFileType = sourcecode.swift; path = LocationService.swift; sourceTree = "<group>"; };
		3685E1C725ED041A00BEE237 /* Location.swift */ = {isa = PBXFileReference; lastKnownFileType = sourcecode.swift; path = Location.swift; sourceTree = "<group>"; };
		3685E1D025ED301500BEE237 /* ForecastWeatherViewController.swift */ = {isa = PBXFileReference; lastKnownFileType = sourcecode.swift; path = ForecastWeatherViewController.swift; sourceTree = "<group>"; };
		36B5D9DA25E92B6B00DED151 /* WeatherApp.app */ = {isa = PBXFileReference; explicitFileType = wrapper.application; includeInIndex = 0; path = WeatherApp.app; sourceTree = BUILT_PRODUCTS_DIR; };
		36B5D9DD25E92B6B00DED151 /* AppDelegate.swift */ = {isa = PBXFileReference; lastKnownFileType = sourcecode.swift; path = AppDelegate.swift; sourceTree = "<group>"; };
		36B5D9DF25E92B6B00DED151 /* SceneDelegate.swift */ = {isa = PBXFileReference; lastKnownFileType = sourcecode.swift; path = SceneDelegate.swift; sourceTree = "<group>"; };
		36B5D9E625E92B7000DED151 /* Assets.xcassets */ = {isa = PBXFileReference; lastKnownFileType = folder.assetcatalog; path = Assets.xcassets; sourceTree = "<group>"; };
		36B5D9E925E92B7000DED151 /* Base */ = {isa = PBXFileReference; lastKnownFileType = file.storyboard; name = Base; path = Base.lproj/LaunchScreen.storyboard; sourceTree = "<group>"; };
		36B5D9EB25E92B7000DED151 /* Info.plist */ = {isa = PBXFileReference; lastKnownFileType = text.plist.xml; path = Info.plist; sourceTree = "<group>"; };
		36B5DA0025EA5C7700DED151 /* WeatherPresenter.swift */ = {isa = PBXFileReference; lastKnownFileType = sourcecode.swift; path = WeatherPresenter.swift; sourceTree = "<group>"; };
		36B5DA0325EA5EE300DED151 /* CurrentWeatherViewController.swift */ = {isa = PBXFileReference; lastKnownFileType = sourcecode.swift; path = CurrentWeatherViewController.swift; sourceTree = "<group>"; };
		36B5DA0925EA626600DED151 /* ModuleBuilder.swift */ = {isa = PBXFileReference; lastKnownFileType = sourcecode.swift; path = ModuleBuilder.swift; sourceTree = "<group>"; };
		36B5DA1325EA8A1800DED151 /* CurrentWeatherData.swift */ = {isa = PBXFileReference; lastKnownFileType = sourcecode.swift; path = CurrentWeatherData.swift; sourceTree = "<group>"; };
		36B5DA1825EA8B2600DED151 /* NetworkService.swift */ = {isa = PBXFileReference; fileEncoding = 4; lastKnownFileType = sourcecode.swift; path = NetworkService.swift; sourceTree = "<group>"; };
		36B5DA1C25EA8B6200DED151 /* ErrorMessage.swift */ = {isa = PBXFileReference; lastKnownFileType = sourcecode.swift; path = ErrorMessage.swift; sourceTree = "<group>"; };
/* End PBXFileReference section */

/* Begin PBXFrameworksBuildPhase section */
		36B5D9D725E92B6B00DED151 /* Frameworks */ = {
			isa = PBXFrameworksBuildPhase;
			buildActionMask = 2147483647;
			files = (
			);
			runOnlyForDeploymentPostprocessing = 0;
		};
/* End PBXFrameworksBuildPhase section */

/* Begin PBXGroup section */
		3654BF2C25EE7B7B008CACE1 /* Main */ = {
			isa = PBXGroup;
			children = (
				36B5DA0925EA626600DED151 /* ModuleBuilder.swift */,
			);
			path = Main;
			sourceTree = "<group>";
		};
		3654BF3125EE87BE008CACE1 /* View */ = {
			isa = PBXGroup;
			children = (
				3654BF2D25EE7BC7008CACE1 /* WeatherTabBarController.swift */,
			);
			path = View;
			sourceTree = "<group>";
		};
		3657E6CD25ED911700D66740 /* Modules */ = {
			isa = PBXGroup;
			children = (
				3654BF2C25EE7B7B008CACE1 /* Main */,
				3654BF3125EE87BE008CACE1 /* View */,
				36B5D9F625E92CEF00DED151 /* Model */,
				3657E6CE25ED914C00D66740 /* CurrentWeatherModule */,
				3657E6D225ED91A300D66740 /* ForecastWeatherModule */,
			);
			path = Modules;
			sourceTree = "<group>";
		};
		3657E6CE25ED914C00D66740 /* CurrentWeatherModule */ = {
			isa = PBXGroup;
			children = (
				3657E6D125ED917200D66740 /* Model */,
				3657E6D025ED916D00D66740 /* View */,
				3657E6CF25ED916600D66740 /* Presenter */,
			);
			path = CurrentWeatherModule;
			sourceTree = "<group>";
		};
		3657E6CF25ED916600D66740 /* Presenter */ = {
			isa = PBXGroup;
			children = (
				36B5DA0025EA5C7700DED151 /* WeatherPresenter.swift */,
			);
			path = Presenter;
			sourceTree = "<group>";
		};
		3657E6D025ED916D00D66740 /* View */ = {
			isa = PBXGroup;
			children = (
				36B5DA0325EA5EE300DED151 /* CurrentWeatherViewController.swift */,
			);
			path = View;
			sourceTree = "<group>";
		};
		3657E6D125ED917200D66740 /* Model */ = {
			isa = PBXGroup;
			children = (
				36B5DA1325EA8A1800DED151 /* CurrentWeatherData.swift */,
			);
			path = Model;
			sourceTree = "<group>";
		};
		3657E6D225ED91A300D66740 /* ForecastWeatherModule */ = {
			isa = PBXGroup;
			children = (
				3657E6D325ED91D500D66740 /* Model */,
				36B5D9F725E92CF600DED151 /* View */,
				36B5D9F825E92CFA00DED151 /* Presenter */,
			);
			path = ForecastWeatherModule;
			sourceTree = "<group>";
		};
		3657E6D325ED91D500D66740 /* Model */ = {
			isa = PBXGroup;
			children = (
				3685E1BA25EAF1D500BEE237 /* ForecastWeatherData.swift */,
			);
			path = Model;
			sourceTree = "<group>";
		};
		3685E1BF25ED01A700BEE237 /* Services */ = {
			isa = PBXGroup;
			children = (
				3685E1C225ED01BF00BEE237 /* LocationService */,
				36B5DA1025EA7CA500DED151 /* NetworkService */,
			);
			path = Services;
			sourceTree = "<group>";
		};
		3685E1C225ED01BF00BEE237 /* LocationService */ = {
			isa = PBXGroup;
			children = (
				3685E1C325ED024D00BEE237 /* LocationService.swift */,
			);
			path = LocationService;
			sourceTree = "<group>";
		};
		36B5D9D125E92B6A00DED151 = {
			isa = PBXGroup;
			children = (
				36B5D9DC25E92B6B00DED151 /* WeatherApp */,
				36B5D9DB25E92B6B00DED151 /* Products */,
			);
			sourceTree = "<group>";
		};
		36B5D9DB25E92B6B00DED151 /* Products */ = {
			isa = PBXGroup;
			children = (
				36B5D9DA25E92B6B00DED151 /* WeatherApp.app */,
			);
			name = Products;
			sourceTree = "<group>";
		};
		36B5D9DC25E92B6B00DED151 /* WeatherApp */ = {
			isa = PBXGroup;
			children = (
				36B5D9F425E92CB500DED151 /* Application */,
				3657E6CD25ED911700D66740 /* Modules */,
				3685E1BF25ED01A700BEE237 /* Services */,
				36B5DA1B25EA8B4C00DED151 /* Utilities */,
				36B5D9E625E92B7000DED151 /* Assets.xcassets */,
				36B5D9EB25E92B7000DED151 /* Info.plist */,
			);
			path = WeatherApp;
			sourceTree = "<group>";
		};
		36B5D9F425E92CB500DED151 /* Application */ = {
			isa = PBXGroup;
			children = (
				36B5D9DD25E92B6B00DED151 /* AppDelegate.swift */,
				36B5D9DF25E92B6B00DED151 /* SceneDelegate.swift */,
				36B5D9E825E92B7000DED151 /* LaunchScreen.storyboard */,
			);
			path = Application;
			sourceTree = "<group>";
		};
		36B5D9F625E92CEF00DED151 /* Model */ = {
			isa = PBXGroup;
			children = (
				3685E1B725EAE70500BEE237 /* Router.swift */,
				3685E1C725ED041A00BEE237 /* Location.swift */,
			);
			path = Model;
			sourceTree = "<group>";
		};
		36B5D9F725E92CF600DED151 /* View */ = {
			isa = PBXGroup;
			children = (
				3685E1D025ED301500BEE237 /* ForecastWeatherViewController.swift */,
			);
			path = View;
			sourceTree = "<group>";
		};
		36B5D9F825E92CFA00DED151 /* Presenter */ = {
			isa = PBXGroup;
			children = (
				3657E6BF25ED823D00D66740 /* ForecastWheatherPresenter.swift */,
			);
			path = Presenter;
			sourceTree = "<group>";
		};
		36B5DA1025EA7CA500DED151 /* NetworkService */ = {
			isa = PBXGroup;
			children = (
				36B5DA1825EA8B2600DED151 /* NetworkService.swift */,
			);
			path = NetworkService;
			sourceTree = "<group>";
		};
		36B5DA1B25EA8B4C00DED151 /* Utilities */ = {
			isa = PBXGroup;
			children = (
				36B5DA1C25EA8B6200DED151 /* ErrorMessage.swift */,
			);
			path = Utilities;
			sourceTree = "<group>";
		};
/* End PBXGroup section */

/* Begin PBXNativeTarget section */
		36B5D9D925E92B6B00DED151 /* WeatherApp */ = {
			isa = PBXNativeTarget;
			buildConfigurationList = 36B5D9EE25E92B7000DED151 /* Build configuration list for PBXNativeTarget "WeatherApp" */;
			buildPhases = (
				36B5D9D625E92B6B00DED151 /* Sources */,
				36B5D9D725E92B6B00DED151 /* Frameworks */,
				36B5D9D825E92B6B00DED151 /* Resources */,
			);
			buildRules = (
			);
			dependencies = (
			);
			name = WeatherApp;
			productName = WeatherApp;
			productReference = 36B5D9DA25E92B6B00DED151 /* WeatherApp.app */;
			productType = "com.apple.product-type.application";
		};
/* End PBXNativeTarget section */

/* Begin PBXProject section */
		36B5D9D225E92B6A00DED151 /* Project object */ = {
			isa = PBXProject;
			attributes = {
				LastSwiftUpdateCheck = 1230;
				LastUpgradeCheck = 1230;
				TargetAttributes = {
					36B5D9D925E92B6B00DED151 = {
						CreatedOnToolsVersion = 12.3;
					};
				};
			};
			buildConfigurationList = 36B5D9D525E92B6A00DED151 /* Build configuration list for PBXProject "WeatherApp" */;
			compatibilityVersion = "Xcode 9.3";
			developmentRegion = en;
			hasScannedForEncodings = 0;
			knownRegions = (
				en,
				Base,
			);
			mainGroup = 36B5D9D125E92B6A00DED151;
			productRefGroup = 36B5D9DB25E92B6B00DED151 /* Products */;
			projectDirPath = "";
			projectRoot = "";
			targets = (
				36B5D9D925E92B6B00DED151 /* WeatherApp */,
			);
		};
/* End PBXProject section */

/* Begin PBXResourcesBuildPhase section */
		36B5D9D825E92B6B00DED151 /* Resources */ = {
			isa = PBXResourcesBuildPhase;
			buildActionMask = 2147483647;
			files = (
				36B5D9EA25E92B7000DED151 /* LaunchScreen.storyboard in Resources */,
				36B5D9E725E92B7000DED151 /* Assets.xcassets in Resources */,
			);
			runOnlyForDeploymentPostprocessing = 0;
		};
/* End PBXResourcesBuildPhase section */

/* Begin PBXSourcesBuildPhase section */
		36B5D9D625E92B6B00DED151 /* Sources */ = {
			isa = PBXSourcesBuildPhase;
			buildActionMask = 2147483647;
			files = (
				3685E1B825EAE70500BEE237 /* Router.swift in Sources */,
				36B5DA1425EA8A1800DED151 /* CurrentWeatherData.swift in Sources */,
				36B5D9DE25E92B6B00DED151 /* AppDelegate.swift in Sources */,
				3685E1BB25EAF1D500BEE237 /* ForecastWeatherData.swift in Sources */,
				36B5DA1925EA8B2600DED151 /* NetworkService.swift in Sources */,
				36B5DA0425EA5EE300DED151 /* CurrentWeatherViewController.swift in Sources */,
				3654BF2E25EE7BC7008CACE1 /* WeatherTabBarController.swift in Sources */,
				3685E1C825ED041A00BEE237 /* Location.swift in Sources */,
				36B5DA1D25EA8B6200DED151 /* ErrorMessage.swift in Sources */,
				36B5D9E025E92B6B00DED151 /* SceneDelegate.swift in Sources */,
				36B5DA0125EA5C7700DED151 /* WeatherPresenter.swift in Sources */,
				3685E1D125ED301500BEE237 /* ForecastWeatherViewController.swift in Sources */,
				36B5DA0A25EA626600DED151 /* ModuleBuilder.swift in Sources */,
				3685E1C425ED024D00BEE237 /* LocationService.swift in Sources */,
				3657E6C025ED823D00D66740 /* ForecastWheatherPresenter.swift in Sources */,
			);
			runOnlyForDeploymentPostprocessing = 0;
		};
/* End PBXSourcesBuildPhase section */

/* Begin PBXVariantGroup section */
		36B5D9E825E92B7000DED151 /* LaunchScreen.storyboard */ = {
			isa = PBXVariantGroup;
			children = (
				36B5D9E925E92B7000DED151 /* Base */,
			);
			name = LaunchScreen.storyboard;
			sourceTree = "<group>";
		};
/* End PBXVariantGroup section */

/* Begin XCBuildConfiguration section */
		36B5D9EC25E92B7000DED151 /* Debug */ = {
			isa = XCBuildConfiguration;
			buildSettings = {
				ALWAYS_SEARCH_USER_PATHS = NO;
				CLANG_ANALYZER_NONNULL = YES;
				CLANG_ANALYZER_NUMBER_OBJECT_CONVERSION = YES_AGGRESSIVE;
				CLANG_CXX_LANGUAGE_STANDARD = "gnu++14";
				CLANG_CXX_LIBRARY = "libc++";
				CLANG_ENABLE_MODULES = YES;
				CLANG_ENABLE_OBJC_ARC = YES;
				CLANG_ENABLE_OBJC_WEAK = YES;
				CLANG_WARN_BLOCK_CAPTURE_AUTORELEASING = YES;
				CLANG_WARN_BOOL_CONVERSION = YES;
				CLANG_WARN_COMMA = YES;
				CLANG_WARN_CONSTANT_CONVERSION = YES;
				CLANG_WARN_DEPRECATED_OBJC_IMPLEMENTATIONS = YES;
				CLANG_WARN_DIRECT_OBJC_ISA_USAGE = YES_ERROR;
				CLANG_WARN_DOCUMENTATION_COMMENTS = YES;
				CLANG_WARN_EMPTY_BODY = YES;
				CLANG_WARN_ENUM_CONVERSION = YES;
				CLANG_WARN_INFINITE_RECURSION = YES;
				CLANG_WARN_INT_CONVERSION = YES;
				CLANG_WARN_NON_LITERAL_NULL_CONVERSION = YES;
				CLANG_WARN_OBJC_IMPLICIT_RETAIN_SELF = YES;
				CLANG_WARN_OBJC_LITERAL_CONVERSION = YES;
				CLANG_WARN_OBJC_ROOT_CLASS = YES_ERROR;
				CLANG_WARN_QUOTED_INCLUDE_IN_FRAMEWORK_HEADER = YES;
				CLANG_WARN_RANGE_LOOP_ANALYSIS = YES;
				CLANG_WARN_STRICT_PROTOTYPES = YES;
				CLANG_WARN_SUSPICIOUS_MOVE = YES;
				CLANG_WARN_UNGUARDED_AVAILABILITY = YES_AGGRESSIVE;
				CLANG_WARN_UNREACHABLE_CODE = YES;
				CLANG_WARN__DUPLICATE_METHOD_MATCH = YES;
				COPY_PHASE_STRIP = NO;
				DEBUG_INFORMATION_FORMAT = dwarf;
				ENABLE_STRICT_OBJC_MSGSEND = YES;
				ENABLE_TESTABILITY = YES;
				GCC_C_LANGUAGE_STANDARD = gnu11;
				GCC_DYNAMIC_NO_PIC = NO;
				GCC_NO_COMMON_BLOCKS = YES;
				GCC_OPTIMIZATION_LEVEL = 0;
				GCC_PREPROCESSOR_DEFINITIONS = (
					"DEBUG=1",
					"$(inherited)",
				);
				GCC_WARN_64_TO_32_BIT_CONVERSION = YES;
				GCC_WARN_ABOUT_RETURN_TYPE = YES_ERROR;
				GCC_WARN_UNDECLARED_SELECTOR = YES;
				GCC_WARN_UNINITIALIZED_AUTOS = YES_AGGRESSIVE;
				GCC_WARN_UNUSED_FUNCTION = YES;
				GCC_WARN_UNUSED_VARIABLE = YES;
				IPHONEOS_DEPLOYMENT_TARGET = 14.3;
				MTL_ENABLE_DEBUG_INFO = INCLUDE_SOURCE;
				MTL_FAST_MATH = YES;
				ONLY_ACTIVE_ARCH = YES;
				SDKROOT = iphoneos;
				SWIFT_ACTIVE_COMPILATION_CONDITIONS = DEBUG;
				SWIFT_OPTIMIZATION_LEVEL = "-Onone";
			};
			name = Debug;
		};
		36B5D9ED25E92B7000DED151 /* Release */ = {
			isa = XCBuildConfiguration;
			buildSettings = {
				ALWAYS_SEARCH_USER_PATHS = NO;
				CLANG_ANALYZER_NONNULL = YES;
				CLANG_ANALYZER_NUMBER_OBJECT_CONVERSION = YES_AGGRESSIVE;
				CLANG_CXX_LANGUAGE_STANDARD = "gnu++14";
				CLANG_CXX_LIBRARY = "libc++";
				CLANG_ENABLE_MODULES = YES;
				CLANG_ENABLE_OBJC_ARC = YES;
				CLANG_ENABLE_OBJC_WEAK = YES;
				CLANG_WARN_BLOCK_CAPTURE_AUTORELEASING = YES;
				CLANG_WARN_BOOL_CONVERSION = YES;
				CLANG_WARN_COMMA = YES;
				CLANG_WARN_CONSTANT_CONVERSION = YES;
				CLANG_WARN_DEPRECATED_OBJC_IMPLEMENTATIONS = YES;
				CLANG_WARN_DIRECT_OBJC_ISA_USAGE = YES_ERROR;
				CLANG_WARN_DOCUMENTATION_COMMENTS = YES;
				CLANG_WARN_EMPTY_BODY = YES;
				CLANG_WARN_ENUM_CONVERSION = YES;
				CLANG_WARN_INFINITE_RECURSION = YES;
				CLANG_WARN_INT_CONVERSION = YES;
				CLANG_WARN_NON_LITERAL_NULL_CONVERSION = YES;
				CLANG_WARN_OBJC_IMPLICIT_RETAIN_SELF = YES;
				CLANG_WARN_OBJC_LITERAL_CONVERSION = YES;
				CLANG_WARN_OBJC_ROOT_CLASS = YES_ERROR;
				CLANG_WARN_QUOTED_INCLUDE_IN_FRAMEWORK_HEADER = YES;
				CLANG_WARN_RANGE_LOOP_ANALYSIS = YES;
				CLANG_WARN_STRICT_PROTOTYPES = YES;
				CLANG_WARN_SUSPICIOUS_MOVE = YES;
				CLANG_WARN_UNGUARDED_AVAILABILITY = YES_AGGRESSIVE;
				CLANG_WARN_UNREACHABLE_CODE = YES;
				CLANG_WARN__DUPLICATE_METHOD_MATCH = YES;
				COPY_PHASE_STRIP = NO;
				DEBUG_INFORMATION_FORMAT = "dwarf-with-dsym";
				ENABLE_NS_ASSERTIONS = NO;
				ENABLE_STRICT_OBJC_MSGSEND = YES;
				GCC_C_LANGUAGE_STANDARD = gnu11;
				GCC_NO_COMMON_BLOCKS = YES;
				GCC_WARN_64_TO_32_BIT_CONVERSION = YES;
				GCC_WARN_ABOUT_RETURN_TYPE = YES_ERROR;
				GCC_WARN_UNDECLARED_SELECTOR = YES;
				GCC_WARN_UNINITIALIZED_AUTOS = YES_AGGRESSIVE;
				GCC_WARN_UNUSED_FUNCTION = YES;
				GCC_WARN_UNUSED_VARIABLE = YES;
				IPHONEOS_DEPLOYMENT_TARGET = 14.3;
				MTL_ENABLE_DEBUG_INFO = NO;
				MTL_FAST_MATH = YES;
				SDKROOT = iphoneos;
				SWIFT_COMPILATION_MODE = wholemodule;
				SWIFT_OPTIMIZATION_LEVEL = "-O";
				VALIDATE_PRODUCT = YES;
			};
			name = Release;
		};
		36B5D9EF25E92B7000DED151 /* Debug */ = {
			isa = XCBuildConfiguration;
			buildSettings = {
				ASSETCATALOG_COMPILER_APPICON_NAME = AppIcon;
				ASSETCATALOG_COMPILER_GLOBAL_ACCENT_COLOR_NAME = AccentColor;
				CODE_SIGN_STYLE = Automatic;
				DEVELOPMENT_TEAM = WQ74PM97F4;
				INFOPLIST_FILE = WeatherApp/Info.plist;
				LD_RUNPATH_SEARCH_PATHS = (
					"$(inherited)",
					"@executable_path/Frameworks",
				);
				PRODUCT_BUNDLE_IDENTIFIER = vlad.novik.WeatherApp;
				PRODUCT_NAME = "$(TARGET_NAME)";
				SWIFT_VERSION = 5.0;
				TARGETED_DEVICE_FAMILY = "1,2";
			};
			name = Debug;
		};
		36B5D9F025E92B7000DED151 /* Release */ = {
			isa = XCBuildConfiguration;
			buildSettings = {
				ASSETCATALOG_COMPILER_APPICON_NAME = AppIcon;
				ASSETCATALOG_COMPILER_GLOBAL_ACCENT_COLOR_NAME = AccentColor;
				CODE_SIGN_STYLE = Automatic;
				DEVELOPMENT_TEAM = WQ74PM97F4;
				INFOPLIST_FILE = WeatherApp/Info.plist;
				LD_RUNPATH_SEARCH_PATHS = (
					"$(inherited)",
					"@executable_path/Frameworks",
				);
				PRODUCT_BUNDLE_IDENTIFIER = vlad.novik.WeatherApp;
				PRODUCT_NAME = "$(TARGET_NAME)";
				SWIFT_VERSION = 5.0;
				TARGETED_DEVICE_FAMILY = "1,2";
			};
			name = Release;
		};
/* End XCBuildConfiguration section */

/* Begin XCConfigurationList section */
		36B5D9D525E92B6A00DED151 /* Build configuration list for PBXProject "WeatherApp" */ = {
			isa = XCConfigurationList;
			buildConfigurations = (
				36B5D9EC25E92B7000DED151 /* Debug */,
				36B5D9ED25E92B7000DED151 /* Release */,
			);
			defaultConfigurationIsVisible = 0;
			defaultConfigurationName = Release;
		};
		36B5D9EE25E92B7000DED151 /* Build configuration list for PBXNativeTarget "WeatherApp" */ = {
			isa = XCConfigurationList;
			buildConfigurations = (
				36B5D9EF25E92B7000DED151 /* Debug */,
				36B5D9F025E92B7000DED151 /* Release */,
			);
			defaultConfigurationIsVisible = 0;
			defaultConfigurationName = Release;
		};
/* End XCConfigurationList section */
	};
	rootObject = 36B5D9D225E92B6A00DED151 /* Project object */;
}
